
Microsoft Visual Studio Solution File, Format Version 12.00
# Visual Studio Version 16
VisualStudioVersion = 16.0.29102.190
MinimumVisualStudioVersion = 10.0.40219.1
Project("{2150E333-8FDC-42A3-9474-1A3956D46DE8}") = "Backend", "Backend", "{B3C3730A-2A03-4F47-8EA6-C6304D75FE76}"
EndProject
Project("{9A19103F-16F7-4668-BE54-9A1E7A4F7556}") = "Shop.Web", "Shop.Web\Shop.Web.csproj", "{EAACF38D-D571-4471-80ED-2BA1DAA8195F}"
EndProject
Project("{9A19103F-16F7-4668-BE54-9A1E7A4F7556}") = "Shop.Common", "Shop.Common\Shop.Common.csproj", "{E6EF6E8D-C05A-4546-92D2-14346542B7C5}"
EndProject
Project("{2150E333-8FDC-42A3-9474-1A3956D46DE8}") = "Frontend", "Frontend", "{E3C9D4FD-66BF-4119-8ACA-8BE9E6CCA1F7}"
EndProject
Project("{2150E333-8FDC-42A3-9474-1A3956D46DE8}") = "Forms", "Forms", "{0E9378D6-BE4C-473D-BF08-9D7CBCCB65B8}"
EndProject
Project("{2150E333-8FDC-42A3-9474-1A3956D46DE8}") = "Classic", "Classic", "{39105054-5A94-4FED-A20A-D0B9C9B27CA0}"
EndProject
Project("{FAE04EC0-301F-11D3-BF4B-00C04F79EFBC}") = "Shop.UIForms.Android", "Shop.UIForms\Shop.UIForms.Android\Shop.UIForms.Android.csproj", "{3712416E-05B3-470E-AF3D-2F162E9B13BF}"
EndProject
Project("{FAE04EC0-301F-11D3-BF4B-00C04F79EFBC}") = "Shop.UIForms.iOS", "Shop.UIForms\Shop.UIForms.iOS\Shop.UIForms.iOS.csproj", "{D13C11B2-6931-4CD2-999F-A7A895739066}"
EndProject
Project("{9A19103F-16F7-4668-BE54-9A1E7A4F7556}") = "Shop.UIForms", "Shop.UIForms\Shop.UIForms\Shop.UIForms.csproj", "{D1EDDA27-97AF-4256-8B84-B7C09CE5C140}"
EndProject
Project("{9A19103F-16F7-4668-BE54-9A1E7A4F7556}") = "Shop.UIClassic", "Shop.UIClassic\Shop.UIClassic.csproj", "{5569326D-3886-4B35-BABD-182CC6309539}"
EndProject
Project("{FAE04EC0-301F-11D3-BF4B-00C04F79EFBC}") = "Shop.UIClassic.Android", "Shop.UIClassic.Android\Shop.UIClassic.Android.csproj", "{E469EF34-CD58-4BE7-BF54-B3C4E5421630}"
EndProject
Project("{FAE04EC0-301F-11D3-BF4B-00C04F79EFBC}") = "Shop.UIClassic.iOS", "Shop.UIClassic.iOS\Shop.UIClassic.iOS.csproj", "{159DC563-ED8D-4980-87EE-B389F8CF910D}"
EndProject
Global
	GlobalSection(SolutionConfigurationPlatforms) = preSolution
		Debug|Any CPU = Debug|Any CPU
		Debug|iPhone = Debug|iPhone
		Debug|iPhoneSimulator = Debug|iPhoneSimulator
		Release|Any CPU = Release|Any CPU
		Release|iPhone = Release|iPhone
		Release|iPhoneSimulator = Release|iPhoneSimulator
	EndGlobalSection
	GlobalSection(ProjectConfigurationPlatforms) = postSolution
		{EAACF38D-D571-4471-80ED-2BA1DAA8195F}.Debug|Any CPU.ActiveCfg = Debug|Any CPU
		{EAACF38D-D571-4471-80ED-2BA1DAA8195F}.Debug|Any CPU.Build.0 = Debug|Any CPU
		{EAACF38D-D571-4471-80ED-2BA1DAA8195F}.Debug|iPhone.ActiveCfg = Debug|Any CPU
		{EAACF38D-D571-4471-80ED-2BA1DAA8195F}.Debug|iPhone.Build.0 = Debug|Any CPU
		{EAACF38D-D571-4471-80ED-2BA1DAA8195F}.Debug|iPhoneSimulator.ActiveCfg = Debug|Any CPU
		{EAACF38D-D571-4471-80ED-2BA1DAA8195F}.Debug|iPhoneSimulator.Build.0 = Debug|Any CPU
		{EAACF38D-D571-4471-80ED-2BA1DAA8195F}.Release|Any CPU.ActiveCfg = Release|Any CPU
		{EAACF38D-D571-4471-80ED-2BA1DAA8195F}.Release|Any CPU.Build.0 = Release|Any CPU
		{EAACF38D-D571-4471-80ED-2BA1DAA8195F}.Release|iPhone.ActiveCfg = Release|Any CPU
		{EAACF38D-D571-4471-80ED-2BA1DAA8195F}.Release|iPhone.Build.0 = Release|Any CPU
		{EAACF38D-D571-4471-80ED-2BA1DAA8195F}.Release|iPhoneSimulator.ActiveCfg = Release|Any CPU
		{EAACF38D-D571-4471-80ED-2BA1DAA8195F}.Release|iPhoneSimulator.Build.0 = Release|Any CPU
		{E6EF6E8D-C05A-4546-92D2-14346542B7C5}.Debug|Any CPU.ActiveCfg = Debug|Any CPU
		{E6EF6E8D-C05A-4546-92D2-14346542B7C5}.Debug|Any CPU.Build.0 = Debug|Any CPU
		{E6EF6E8D-C05A-4546-92D2-14346542B7C5}.Debug|iPhone.ActiveCfg = Debug|Any CPU
		{E6EF6E8D-C05A-4546-92D2-14346542B7C5}.Debug|iPhone.Build.0 = Debug|Any CPU
		{E6EF6E8D-C05A-4546-92D2-14346542B7C5}.Debug|iPhoneSimulator.ActiveCfg = Debug|Any CPU
		{E6EF6E8D-C05A-4546-92D2-14346542B7C5}.Debug|iPhoneSimulator.Build.0 = Debug|Any CPU
		{E6EF6E8D-C05A-4546-92D2-14346542B7C5}.Release|Any CPU.ActiveCfg = Release|Any CPU
		{E6EF6E8D-C05A-4546-92D2-14346542B7C5}.Release|Any CPU.Build.0 = Release|Any CPU
		{E6EF6E8D-C05A-4546-92D2-14346542B7C5}.Release|iPhone.ActiveCfg = Release|Any CPU
		{E6EF6E8D-C05A-4546-92D2-14346542B7C5}.Release|iPhone.Build.0 = Release|Any CPU
		{E6EF6E8D-C05A-4546-92D2-14346542B7C5}.Release|iPhoneSimulator.ActiveCfg = Release|Any CPU
		{E6EF6E8D-C05A-4546-92D2-14346542B7C5}.Release|iPhoneSimulator.Build.0 = Release|Any CPU
		{3712416E-05B3-470E-AF3D-2F162E9B13BF}.Debug|Any CPU.ActiveCfg = Debug|Any CPU
		{3712416E-05B3-470E-AF3D-2F162E9B13BF}.Debug|Any CPU.Build.0 = Debug|Any CPU
		{3712416E-05B3-470E-AF3D-2F162E9B13BF}.Debug|Any CPU.Deploy.0 = Debug|Any CPU
		{3712416E-05B3-470E-AF3D-2F162E9B13BF}.Debug|iPhone.ActiveCfg = Debug|Any CPU
		{3712416E-05B3-470E-AF3D-2F162E9B13BF}.Debug|iPhone.Build.0 = Debug|Any CPU
		{3712416E-05B3-470E-AF3D-2F162E9B13BF}.Debug|iPhone.Deploy.0 = Debug|Any CPU
		{3712416E-05B3-470E-AF3D-2F162E9B13BF}.Debug|iPhoneSimulator.ActiveCfg = Debug|Any CPU
		{3712416E-05B3-470E-AF3D-2F162E9B13BF}.Debug|iPhoneSimulator.Build.0 = Debug|Any CPU
		{3712416E-05B3-470E-AF3D-2F162E9B13BF}.Debug|iPhoneSimulator.Deploy.0 = Debug|Any CPU
		{3712416E-05B3-470E-AF3D-2F162E9B13BF}.Release|Any CPU.ActiveCfg = Release|Any CPU
		{3712416E-05B3-470E-AF3D-2F162E9B13BF}.Release|Any CPU.Build.0 = Release|Any CPU
		{3712416E-05B3-470E-AF3D-2F162E9B13BF}.Release|Any CPU.Deploy.0 = Release|Any CPU
		{3712416E-05B3-470E-AF3D-2F162E9B13BF}.Release|iPhone.ActiveCfg = Release|Any CPU
		{3712416E-05B3-470E-AF3D-2F162E9B13BF}.Release|iPhone.Build.0 = Release|Any CPU
		{3712416E-05B3-470E-AF3D-2F162E9B13BF}.Release|iPhone.Deploy.0 = Release|Any CPU
		{3712416E-05B3-470E-AF3D-2F162E9B13BF}.Release|iPhoneSimulator.ActiveCfg = Release|Any CPU
		{3712416E-05B3-470E-AF3D-2F162E9B13BF}.Release|iPhoneSimulator.Build.0 = Release|Any CPU
		{3712416E-05B3-470E-AF3D-2F162E9B13BF}.Release|iPhoneSimulator.Deploy.0 = Release|Any CPU
		{D13C11B2-6931-4CD2-999F-A7A895739066}.Debug|Any CPU.ActiveCfg = Debug|iPhone
		{D13C11B2-6931-4CD2-999F-A7A895739066}.Debug|iPhone.ActiveCfg = Debug|iPhone
		{D13C11B2-6931-4CD2-999F-A7A895739066}.Debug|iPhone.Build.0 = Debug|iPhone
		{D13C11B2-6931-4CD2-999F-A7A895739066}.Debug|iPhoneSimulator.ActiveCfg = Debug|iPhoneSimulator
		{D13C11B2-6931-4CD2-999F-A7A895739066}.Debug|iPhoneSimulator.Build.0 = Debug|iPhoneSimulator
		{D13C11B2-6931-4CD2-999F-A7A895739066}.Release|Any CPU.ActiveCfg = Release|iPhone
		{D13C11B2-6931-4CD2-999F-A7A895739066}.Release|iPhone.ActiveCfg = Release|iPhone
		{D13C11B2-6931-4CD2-999F-A7A895739066}.Release|iPhone.Build.0 = Release|iPhone
		{D13C11B2-6931-4CD2-999F-A7A895739066}.Release|iPhoneSimulator.ActiveCfg = Release|iPhoneSimulator
		{D13C11B2-6931-4CD2-999F-A7A895739066}.Release|iPhoneSimulator.Build.0 = Release|iPhoneSimulator
		{D1EDDA27-97AF-4256-8B84-B7C09CE5C140}.Debug|Any CPU.ActiveCfg = Debug|Any CPU
		{D1EDDA27-97AF-4256-8B84-B7C09CE5C140}.Debug|Any CPU.Build.0 = Debug|Any CPU
		{D1EDDA27-97AF-4256-8B84-B7C09CE5C140}.Debug|iPhone.ActiveCfg = Debug|Any CPU
		{D1EDDA27-97AF-4256-8B84-B7C09CE5C140}.Debug|iPhone.Build.0 = Debug|Any CPU
		{D1EDDA27-97AF-4256-8B84-B7C09CE5C140}.Debug|iPhoneSimulator.ActiveCfg = Debug|Any CPU
		{D1EDDA27-97AF-4256-8B84-B7C09CE5C140}.Debug|iPhoneSimulator.Build.0 = Debug|Any CPU
		{D1EDDA27-97AF-4256-8B84-B7C09CE5C140}.Release|Any CPU.ActiveCfg = Release|Any CPU
		{D1EDDA27-97AF-4256-8B84-B7C09CE5C140}.Release|Any CPU.Build.0 = Release|Any CPU
		{D1EDDA27-97AF-4256-8B84-B7C09CE5C140}.Release|iPhone.ActiveCfg = Release|Any CPU
		{D1EDDA27-97AF-4256-8B84-B7C09CE5C140}.Release|iPhone.Build.0 = Release|Any CPU
		{D1EDDA27-97AF-4256-8B84-B7C09CE5C140}.Release|iPhoneSimulator.ActiveCfg = Release|Any CPU
		{D1EDDA27-97AF-4256-8B84-B7C09CE5C140}.Release|iPhoneSimulator.Build.0 = Release|Any CPU
		{5569326D-3886-4B35-BABD-182CC6309539}.Debug|Any CPU.ActiveCfg = Debug|Any CPU
		{5569326D-3886-4B35-BABD-182CC6309539}.Debug|Any CPU.Build.0 = Debug|Any CPU
		{5569326D-3886-4B35-BABD-182CC6309539}.Debug|iPhone.ActiveCfg = Debug|Any CPU
		{5569326D-3886-4B35-BABD-182CC6309539}.Debug|iPhone.Build.0 = Debug|Any CPU
		{5569326D-3886-4B35-BABD-182CC6309539}.Debug|iPhoneSimulator.ActiveCfg = Debug|Any CPU
		{5569326D-3886-4B35-BABD-182CC6309539}.Debug|iPhoneSimulator.Build.0 = Debug|Any CPU
		{5569326D-3886-4B35-BABD-182CC6309539}.Release|Any CPU.ActiveCfg = Release|Any CPU
		{5569326D-3886-4B35-BABD-182CC6309539}.Release|Any CPU.Build.0 = Release|Any CPU
		{5569326D-3886-4B35-BABD-182CC6309539}.Release|iPhone.ActiveCfg = Release|Any CPU
		{5569326D-3886-4B35-BABD-182CC6309539}.Release|iPhone.Build.0 = Release|Any CPU
		{5569326D-3886-4B35-BABD-182CC6309539}.Release|iPhoneSimulator.ActiveCfg = Release|Any CPU
		{5569326D-3886-4B35-BABD-182CC6309539}.Release|iPhoneSimulator.Build.0 = Release|Any CPU
		{E469EF34-CD58-4BE7-BF54-B3C4E5421630}.Debug|Any CPU.ActiveCfg = Debug|Any CPU
		{E469EF34-CD58-4BE7-BF54-B3C4E5421630}.Debug|Any CPU.Build.0 = Debug|Any CPU
		{E469EF34-CD58-4BE7-BF54-B3C4E5421630}.Debug|Any CPU.Deploy.0 = Debug|Any CPU
		{E469EF34-CD58-4BE7-BF54-B3C4E5421630}.Debug|iPhone.ActiveCfg = Debug|Any CPU
		{E469EF34-CD58-4BE7-BF54-B3C4E5421630}.Debug|iPhone.Build.0 = Debug|Any CPU
		{E469EF34-CD58-4BE7-BF54-B3C4E5421630}.Debug|iPhone.Deploy.0 = Debug|Any CPU
		{E469EF34-CD58-4BE7-BF54-B3C4E5421630}.Debug|iPhoneSimulator.ActiveCfg = Debug|Any CPU
		{E469EF34-CD58-4BE7-BF54-B3C4E5421630}.Debug|iPhoneSimulator.Build.0 = Debug|Any CPU
		{E469EF34-CD58-4BE7-BF54-B3C4E5421630}.Debug|iPhoneSimulator.Deploy.0 = Debug|Any CPU
		{E469EF34-CD58-4BE7-BF54-B3C4E5421630}.Release|Any CPU.ActiveCfg = Release|Any CPU
		{E469EF34-CD58-4BE7-BF54-B3C4E5421630}.Release|Any CPU.Build.0 = Release|Any CPU
		{E469EF34-CD58-4BE7-BF54-B3C4E5421630}.Release|Any CPU.Deploy.0 = Release|Any CPU
		{E469EF34-CD58-4BE7-BF54-B3C4E5421630}.Release|iPhone.ActiveCfg = Release|Any CPU
		{E469EF34-CD58-4BE7-BF54-B3C4E5421630}.Release|iPhone.Build.0 = Release|Any CPU
		{E469EF34-CD58-4BE7-BF54-B3C4E5421630}.Release|iPhone.Deploy.0 = Release|Any CPU
		{E469EF34-CD58-4BE7-BF54-B3C4E5421630}.Release|iPhoneSimulator.ActiveCfg = Release|Any CPU
		{E469EF34-CD58-4BE7-BF54-B3C4E5421630}.Release|iPhoneSimulator.Build.0 = Release|Any CPU
		{E469EF34-CD58-4BE7-BF54-B3C4E5421630}.Release|iPhoneSimulator.Deploy.0 = Release|Any CPU
		{159DC563-ED8D-4980-87EE-B389F8CF910D}.Debug|Any CPU.ActiveCfg = Debug|iPhone
		{159DC563-ED8D-4980-87EE-B389F8CF910D}.Debug|iPhone.ActiveCfg = Debug|iPhone
		{159DC563-ED8D-4980-87EE-B389F8CF910D}.Debug|iPhone.Build.0 = Debug|iPhone
		{159DC563-ED8D-4980-87EE-B389F8CF910D}.Debug|iPhoneSimulator.ActiveCfg = Debug|iPhoneSimulator
		{159DC563-ED8D-4980-87EE-B389F8CF910D}.Debug|iPhoneSimulator.Build.0 = Debug|iPhoneSimulator
		{159DC563-ED8D-4980-87EE-B389F8CF910D}.Release|Any CPU.ActiveCfg = Release|iPhone
		{159DC563-ED8D-4980-87EE-B389F8CF910D}.Release|iPhone.ActiveCfg = Release|iPhone
		{159DC563-ED8D-4980-87EE-B389F8CF910D}.Release|iPhone.Build.0 = Release|iPhone
		{159DC563-ED8D-4980-87EE-B389F8CF910D}.Release|iPhoneSimulator.ActiveCfg = Release|iPhoneSimulator
		{159DC563-ED8D-4980-87EE-B389F8CF910D}.Release|iPhoneSimulator.Build.0 = Release|iPhoneSimulator
	EndGlobalSection
	GlobalSection(SolutionProperties) = preSolution
		HideSolutionNode = FALSE
	EndGlobalSection
	GlobalSection(NestedProjects) = preSolution
		{EAACF38D-D571-4471-80ED-2BA1DAA8195F} = {B3C3730A-2A03-4F47-8EA6-C6304D75FE76}
		{0E9378D6-BE4C-473D-BF08-9D7CBCCB65B8} = {E3C9D4FD-66BF-4119-8ACA-8BE9E6CCA1F7}
		{39105054-5A94-4FED-A20A-D0B9C9B27CA0} = {E3C9D4FD-66BF-4119-8ACA-8BE9E6CCA1F7}
		{3712416E-05B3-470E-AF3D-2F162E9B13BF} = {0E9378D6-BE4C-473D-BF08-9D7CBCCB65B8}
		{D13C11B2-6931-4CD2-999F-A7A895739066} = {0E9378D6-BE4C-473D-BF08-9D7CBCCB65B8}
		{D1EDDA27-97AF-4256-8B84-B7C09CE5C140} = {0E9378D6-BE4C-473D-BF08-9D7CBCCB65B8}
		{5569326D-3886-4B35-BABD-182CC6309539} = {39105054-5A94-4FED-A20A-D0B9C9B27CA0}
		{E469EF34-CD58-4BE7-BF54-B3C4E5421630} = {39105054-5A94-4FED-A20A-D0B9C9B27CA0}
		{159DC563-ED8D-4980-87EE-B389F8CF910D} = {39105054-5A94-4FED-A20A-D0B9C9B27CA0}
	EndGlobalSection
	GlobalSection(ExtensibilityGlobals) = postSolution
		SolutionGuid = {A9456458-62E1-4E08-B50A-C3C0FD562F95}
	EndGlobalSection
EndGlobal
